
Microsoft Visual Studio Solution File, Format Version 12.00
# Visual Studio Version 16
VisualStudioVersion = 16.0.29123.88
MinimumVisualStudioVersion = 10.0.40219.1
Project("{FAE04EC0-301F-11D3-BF4B-00C04F79EFBC}") = "WorkWatch.Console", "WorkWatch.Console\WorkWatch.Console.csproj", "{ED47629C-4894-4F03-BA1D-48EA47E1FD77}"
EndProject
Global
	GlobalSection(SolutionConfigurationPlatforms) = preSolution
		Debug|Any CPU = Debug|Any CPU
		Release|Any CPU = Release|Any CPU
	EndGlobalSection
	GlobalSection(ProjectConfigurationPlatforms) = postSolution
		{ED47629C-4894-4F03-BA1D-48EA47E1FD77}.Debug|Any CPU.ActiveCfg = Debug|Any CPU
		{ED47629C-4894-4F03-BA1D-48EA47E1FD77}.Debug|Any CPU.Build.0 = Debug|Any CPU
		{ED47629C-4894-4F03-BA1D-48EA47E1FD77}.Release|Any CPU.ActiveCfg = Release|Any CPU
		{ED47629C-4894-4F03-BA1D-48EA47E1FD77}.Release|Any CPU.Build.0 = Release|Any CPU
	EndGlobalSection
	GlobalSection(SolutionProperties) = preSolution
		HideSolutionNode = FALSE
	EndGlobalSection
	GlobalSection(ExtensibilityGlobals) = postSolution
		SolutionGuid = {A6534C72-6B84-46AE-B0B7-06D8D7542746}
	EndGlobalSection
EndGlobal
